Microsoft Visual Studio Solution File, Format Version 12.00
# Visual Studio Version 17
VisualStudioVersion = 17.5.2.0
MinimumVisualStudioVersion = 10.0.40219.1
Project("{FAE04EC0-301F-11D3-BF4B-00C04F79EFBC}") = "FirstClassLibrary", "FirstClassLibrary\FirstClassLibrary.csproj", "{8EB851D2-13E3-7E30-CCB9-D4EADA06262F}"
EndProject
Global
	GlobalSection(SolutionConfigurationPlatforms) = preSolution
		Debug|Any CPU = Debug|Any CPU
		Release|Any CPU = Release|Any CPU
	EndGlobalSection
	GlobalSection(ProjectConfigurationPlatforms) = postSolution
		{8EB851D2-13E3-7E30-CCB9-D4EADA06262F}.Debug|Any CPU.ActiveCfg = Debug|Any CPU
		{8EB851D2-13E3-7E30-CCB9-D4EADA06262F}.Debug|Any CPU.Build.0 = Debug|Any CPU
		{8EB851D2-13E3-7E30-CCB9-D4EADA06262F}.Release|Any CPU.ActiveCfg = Release|Any CPU
		{8EB851D2-13E3-7E30-CCB9-D4EADA06262F}.Release|Any CPU.Build.0 = Release|Any CPU
	EndGlobalSection
	GlobalSection(SolutionProperties) = preSolution
		HideSolutionNode = FALSE
	EndGlobalSection
	GlobalSection(ExtensibilityGlobals) = postSolution
		SolutionGuid = {242C2A43-8408-433C-B2B0-7F6EFC49D87C}
	EndGlobalSection
EndGlobal
